
Microsoft Visual Studio Solution File, Format Version 12.00
# Visual Studio Version 16
VisualStudioVersion = 16.0.29728.190
MinimumVisualStudioVersion = 10.0.40219.1
Project("{FAE04EC0-301F-11D3-BF4B-00C04F79EFBC}") = "signalR-framework-test", "signalR-framework-test\signalR-framework-test.csproj", "{FF3B5ABA-9EA1-4C68-9FD5-A0E5BA95771D}"
EndProject
Global
	GlobalSection(SolutionConfigurationPlatforms) = preSolution
		Debug|Any CPU = Debug|Any CPU
		Release|Any CPU = Release|Any CPU
	EndGlobalSection
	GlobalSection(ProjectConfigurationPlatforms) = postSolution
		{FF3B5ABA-9EA1-4C68-9FD5-A0E5BA95771D}.Debug|Any CPU.ActiveCfg = Debug|Any CPU
		{FF3B5ABA-9EA1-4C68-9FD5-A0E5BA95771D}.Debug|Any CPU.Build.0 = Debug|Any CPU
		{FF3B5ABA-9EA1-4C68-9FD5-A0E5BA95771D}.Release|Any CPU.ActiveCfg = Release|Any CPU
		{FF3B5ABA-9EA1-4C68-9FD5-A0E5BA95771D}.Release|Any CPU.Build.0 = Release|Any CPU
	EndGlobalSection
	GlobalSection(SolutionProperties) = preSolution
		HideSolutionNode = FALSE
	EndGlobalSection
	GlobalSection(ExtensibilityGlobals) = postSolution
		SolutionGuid = {8C5A7CB0-204C-4842-AC71-D1B81FDFEF1F}
	EndGlobalSection
EndGlobal
